
Microsoft Visual Studio Solution File, Format Version 12.00
# Visual Studio Version 16
VisualStudioVersion = 16.0.31129.286
MinimumVisualStudioVersion = 10.0.40219.1
Project("{9A19103F-16F7-4668-BE54-9A1E7A4F7556}") = "TwoNEL.API", "TwoNEL.API\TwoNEL.API.csproj", "{52401678-586C-4EDE-9744-0E5F61A68DCB}"
EndProject
Project("{FAE04EC0-301F-11D3-BF4B-00C04F79EFBC}") = "TwoNEL.API.Test", "TwoNEL.API.Test\TwoNEL.API.Test.csproj", "{C0B9A098-1C00-4907-A95E-1588FF9A58B8}"
EndProject
Global
	GlobalSection(SolutionConfigurationPlatforms) = preSolution
		Debug|Any CPU = Debug|Any CPU
		Release|Any CPU = Release|Any CPU
	EndGlobalSection
	GlobalSection(ProjectConfigurationPlatforms) = postSolution
		{52401678-586C-4EDE-9744-0E5F61A68DCB}.Debug|Any CPU.ActiveCfg = Debug|Any CPU
		{52401678-586C-4EDE-9744-0E5F61A68DCB}.Debug|Any CPU.Build.0 = Debug|Any CPU
		{52401678-586C-4EDE-9744-0E5F61A68DCB}.Release|Any CPU.ActiveCfg = Release|Any CPU
		{52401678-586C-4EDE-9744-0E5F61A68DCB}.Release|Any CPU.Build.0 = Release|Any CPU
		{C0B9A098-1C00-4907-A95E-1588FF9A58B8}.Debug|Any CPU.ActiveCfg = Debug|Any CPU
		{C0B9A098-1C00-4907-A95E-1588FF9A58B8}.Debug|Any CPU.Build.0 = Debug|Any CPU
		{C0B9A098-1C00-4907-A95E-1588FF9A58B8}.Release|Any CPU.ActiveCfg = Release|Any CPU
		{C0B9A098-1C00-4907-A95E-1588FF9A58B8}.Release|Any CPU.Build.0 = Release|Any CPU
	EndGlobalSection
	GlobalSection(SolutionProperties) = preSolution
		HideSolutionNode = FALSE
	EndGlobalSection
	GlobalSection(ExtensibilityGlobals) = postSolution
		SolutionGuid = {95DD9A1C-8021-44D8-A512-FA2C2427C50A}
	EndGlobalSection
EndGlobal
